
Microsoft Visual Studio Solution File, Format Version 12.00
# Visual Studio 15
VisualStudioVersion = 15.0.26124.0
MinimumVisualStudioVersion = 15.0.26124.0
Project("{FAE04EC0-301F-11D3-BF4B-00C04F79EFBC}") = "TreA.Data", "TreA.Data\TreA.Data.csproj", "{9BD90664-F4F4-492D-A68C-579F709162AE}"
EndProject
Project("{FAE04EC0-301F-11D3-BF4B-00C04F79EFBC}") = "TreA.Services", "TreA.Services\TreA.Services.csproj", "{BAD64686-CFB1-4D3D-90D0-D7E70CD68271}"
EndProject
Project("{FAE04EC0-301F-11D3-BF4B-00C04F79EFBC}") = "TreA.Presentation", "TreA.Presentation\TreA.Presentation.csproj", "{E880F256-88F1-4200-9FF0-6913532EB21A}"
EndProject
Global
	GlobalSection(SolutionConfigurationPlatforms) = preSolution
		Debug|Any CPU = Debug|Any CPU
		Debug|x64 = Debug|x64
		Debug|x86 = Debug|x86
		Release|Any CPU = Release|Any CPU
		Release|x64 = Release|x64
		Release|x86 = Release|x86
	EndGlobalSection
	GlobalSection(SolutionProperties) = preSolution
		HideSolutionNode = FALSE
	EndGlobalSection
	GlobalSection(ProjectConfigurationPlatforms) = postSolution
		{CCC28C75-0C63-4623-B475-78CE1FCC6606}.Debug|Any CPU.ActiveCfg = Debug|Any CPU
		{CCC28C75-0C63-4623-B475-78CE1FCC6606}.Debug|Any CPU.Build.0 = Debug|Any CPU
		{CCC28C75-0C63-4623-B475-78CE1FCC6606}.Debug|x64.ActiveCfg = Debug|Any CPU
		{CCC28C75-0C63-4623-B475-78CE1FCC6606}.Debug|x64.Build.0 = Debug|Any CPU
		{CCC28C75-0C63-4623-B475-78CE1FCC6606}.Debug|x86.ActiveCfg = Debug|Any CPU
		{CCC28C75-0C63-4623-B475-78CE1FCC6606}.Debug|x86.Build.0 = Debug|Any CPU
		{CCC28C75-0C63-4623-B475-78CE1FCC6606}.Release|Any CPU.ActiveCfg = Release|Any CPU
		{CCC28C75-0C63-4623-B475-78CE1FCC6606}.Release|Any CPU.Build.0 = Release|Any CPU
		{CCC28C75-0C63-4623-B475-78CE1FCC6606}.Release|x64.ActiveCfg = Release|Any CPU
		{CCC28C75-0C63-4623-B475-78CE1FCC6606}.Release|x64.Build.0 = Release|Any CPU
		{CCC28C75-0C63-4623-B475-78CE1FCC6606}.Release|x86.ActiveCfg = Release|Any CPU
		{CCC28C75-0C63-4623-B475-78CE1FCC6606}.Release|x86.Build.0 = Release|Any CPU
		{9BD90664-F4F4-492D-A68C-579F709162AE}.Debug|Any CPU.ActiveCfg = Debug|Any CPU
		{9BD90664-F4F4-492D-A68C-579F709162AE}.Debug|Any CPU.Build.0 = Debug|Any CPU
		{9BD90664-F4F4-492D-A68C-579F709162AE}.Debug|x64.ActiveCfg = Debug|Any CPU
		{9BD90664-F4F4-492D-A68C-579F709162AE}.Debug|x64.Build.0 = Debug|Any CPU
		{9BD90664-F4F4-492D-A68C-579F709162AE}.Debug|x86.ActiveCfg = Debug|Any CPU
		{9BD90664-F4F4-492D-A68C-579F709162AE}.Debug|x86.Build.0 = Debug|Any CPU
		{9BD90664-F4F4-492D-A68C-579F709162AE}.Release|Any CPU.ActiveCfg = Release|Any CPU
		{9BD90664-F4F4-492D-A68C-579F709162AE}.Release|Any CPU.Build.0 = Release|Any CPU
		{9BD90664-F4F4-492D-A68C-579F709162AE}.Release|x64.ActiveCfg = Release|Any CPU
		{9BD90664-F4F4-492D-A68C-579F709162AE}.Release|x64.Build.0 = Release|Any CPU
		{9BD90664-F4F4-492D-A68C-579F709162AE}.Release|x86.ActiveCfg = Release|Any CPU
		{9BD90664-F4F4-492D-A68C-579F709162AE}.Release|x86.Build.0 = Release|Any CPU
		{BAD64686-CFB1-4D3D-90D0-D7E70CD68271}.Debug|Any CPU.ActiveCfg = Debug|Any CPU
		{BAD64686-CFB1-4D3D-90D0-D7E70CD68271}.Debug|Any CPU.Build.0 = Debug|Any CPU
		{BAD64686-CFB1-4D3D-90D0-D7E70CD68271}.Debug|x64.ActiveCfg = Debug|Any CPU
		{BAD64686-CFB1-4D3D-90D0-D7E70CD68271}.Debug|x64.Build.0 = Debug|Any CPU
		{BAD64686-CFB1-4D3D-90D0-D7E70CD68271}.Debug|x86.ActiveCfg = Debug|Any CPU
		{BAD64686-CFB1-4D3D-90D0-D7E70CD68271}.Debug|x86.Build.0 = Debug|Any CPU
		{BAD64686-CFB1-4D3D-90D0-D7E70CD68271}.Release|Any CPU.ActiveCfg = Release|Any CPU
		{BAD64686-CFB1-4D3D-90D0-D7E70CD68271}.Release|Any CPU.Build.0 = Release|Any CPU
		{BAD64686-CFB1-4D3D-90D0-D7E70CD68271}.Release|x64.ActiveCfg = Release|Any CPU
		{BAD64686-CFB1-4D3D-90D0-D7E70CD68271}.Release|x64.Build.0 = Release|Any CPU
		{BAD64686-CFB1-4D3D-90D0-D7E70CD68271}.Release|x86.ActiveCfg = Release|Any CPU
		{BAD64686-CFB1-4D3D-90D0-D7E70CD68271}.Release|x86.Build.0 = Release|Any CPU
		{E880F256-88F1-4200-9FF0-6913532EB21A}.Debug|Any CPU.ActiveCfg = Debug|Any CPU
		{E880F256-88F1-4200-9FF0-6913532EB21A}.Debug|Any CPU.Build.0 = Debug|Any CPU
		{E880F256-88F1-4200-9FF0-6913532EB21A}.Debug|x64.ActiveCfg = Debug|Any CPU
		{E880F256-88F1-4200-9FF0-6913532EB21A}.Debug|x64.Build.0 = Debug|Any CPU
		{E880F256-88F1-4200-9FF0-6913532EB21A}.Debug|x86.ActiveCfg = Debug|Any CPU
		{E880F256-88F1-4200-9FF0-6913532EB21A}.Debug|x86.Build.0 = Debug|Any CPU
		{E880F256-88F1-4200-9FF0-6913532EB21A}.Release|Any CPU.ActiveCfg = Release|Any CPU
		{E880F256-88F1-4200-9FF0-6913532EB21A}.Release|Any CPU.Build.0 = Release|Any CPU
		{E880F256-88F1-4200-9FF0-6913532EB21A}.Release|x64.ActiveCfg = Release|Any CPU
		{E880F256-88F1-4200-9FF0-6913532EB21A}.Release|x64.Build.0 = Release|Any CPU
		{E880F256-88F1-4200-9FF0-6913532EB21A}.Release|x86.ActiveCfg = Release|Any CPU
		{E880F256-88F1-4200-9FF0-6913532EB21A}.Release|x86.Build.0 = Release|Any CPU
	EndGlobalSection
EndGlobal
